
Microsoft Visual Studio Solution File, Format Version 12.00
# Visual Studio Version 17
VisualStudioVersion = 17.0.31903.59
MinimumVisualStudioVersion = 10.0.40219.1
Project("{9A19103F-16F7-4668-BE54-9A1E7A4F7556}") = "Xt.Synth0.Model", "Xt.Synth0.Model\Xt.Synth0.Model.csproj", "{45844DC0-3F80-499B-A413-D60CCEC3F809}"
EndProject
Project("{9A19103F-16F7-4668-BE54-9A1E7A4F7556}") = "Xt.Synth0", "Xt.Synth0\Xt.Synth0.csproj", "{972CF362-631E-46E9-827B-7F55ADF4ABEB}"
EndProject
Project("{9A19103F-16F7-4668-BE54-9A1E7A4F7556}") = "Xt.Synth0.UI", "Xt.Synth0.UI\Xt.Synth0.UI.csproj", "{7845B671-12B4-437F-992B-9A69EF1D29FF}"
EndProject
Project("{8BC9CEB8-8B4A-11D0-8D11-00A0C91BC942}") = "Xt.Synth0.DSP.Native", "Xt.Synth0.DSP.Native\Xt.Synth0.DSP.Native.vcxproj", "{B37DA984-648C-486E-9153-E6507C2C02E0}"
EndProject
Project("{2150E333-8FDC-42A3-9474-1A3956D46DE8}") = "Solution Items", "Solution Items", "{184119CA-7A82-4528-80A5-32417A4F8359}"
	ProjectSection(SolutionItems) = preProject
		Directory.Build.props = Directory.Build.props
		Directory.Build.targets = Directory.Build.targets
		SharedAssemblyInfo.cs = SharedAssemblyInfo.cs
	EndProjectSection
EndProject
Global
	GlobalSection(SolutionConfigurationPlatforms) = preSolution
		Debug|Any CPU = Debug|Any CPU
		Debug|x64 = Debug|x64
		Release|Any CPU = Release|Any CPU
		Release|x64 = Release|x64
	EndGlobalSection
	GlobalSection(ProjectConfigurationPlatforms) = postSolution
		{45844DC0-3F80-499B-A413-D60CCEC3F809}.Debug|Any CPU.ActiveCfg = Debug|Any CPU
		{45844DC0-3F80-499B-A413-D60CCEC3F809}.Debug|Any CPU.Build.0 = Debug|Any CPU
		{45844DC0-3F80-499B-A413-D60CCEC3F809}.Debug|x64.ActiveCfg = Debug|Any CPU
		{45844DC0-3F80-499B-A413-D60CCEC3F809}.Debug|x64.Build.0 = Debug|Any CPU
		{45844DC0-3F80-499B-A413-D60CCEC3F809}.Release|Any CPU.ActiveCfg = Release|Any CPU
		{45844DC0-3F80-499B-A413-D60CCEC3F809}.Release|Any CPU.Build.0 = Release|Any CPU
		{45844DC0-3F80-499B-A413-D60CCEC3F809}.Release|x64.ActiveCfg = Release|Any CPU
		{45844DC0-3F80-499B-A413-D60CCEC3F809}.Release|x64.Build.0 = Release|Any CPU
		{972CF362-631E-46E9-827B-7F55ADF4ABEB}.Debug|Any CPU.ActiveCfg = Debug|Any CPU
		{972CF362-631E-46E9-827B-7F55ADF4ABEB}.Debug|Any CPU.Build.0 = Debug|Any CPU
		{972CF362-631E-46E9-827B-7F55ADF4ABEB}.Debug|x64.ActiveCfg = Debug|Any CPU
		{972CF362-631E-46E9-827B-7F55ADF4ABEB}.Debug|x64.Build.0 = Debug|Any CPU
		{972CF362-631E-46E9-827B-7F55ADF4ABEB}.Release|Any CPU.ActiveCfg = Release|Any CPU
		{972CF362-631E-46E9-827B-7F55ADF4ABEB}.Release|Any CPU.Build.0 = Release|Any CPU
		{972CF362-631E-46E9-827B-7F55ADF4ABEB}.Release|x64.ActiveCfg = Release|Any CPU
		{972CF362-631E-46E9-827B-7F55ADF4ABEB}.Release|x64.Build.0 = Release|Any CPU
		{7845B671-12B4-437F-992B-9A69EF1D29FF}.Debug|Any CPU.ActiveCfg = Debug|Any CPU
		{7845B671-12B4-437F-992B-9A69EF1D29FF}.Debug|Any CPU.Build.0 = Debug|Any CPU
		{7845B671-12B4-437F-992B-9A69EF1D29FF}.Debug|x64.ActiveCfg = Debug|Any CPU
		{7845B671-12B4-437F-992B-9A69EF1D29FF}.Debug|x64.Build.0 = Debug|Any CPU
		{7845B671-12B4-437F-992B-9A69EF1D29FF}.Release|Any CPU.ActiveCfg = Release|Any CPU
		{7845B671-12B4-437F-992B-9A69EF1D29FF}.Release|Any CPU.Build.0 = Release|Any CPU
		{7845B671-12B4-437F-992B-9A69EF1D29FF}.Release|x64.ActiveCfg = Release|Any CPU
		{7845B671-12B4-437F-992B-9A69EF1D29FF}.Release|x64.Build.0 = Release|Any CPU
		{B37DA984-648C-486E-9153-E6507C2C02E0}.Debug|Any CPU.ActiveCfg = Debug|x64
		{B37DA984-648C-486E-9153-E6507C2C02E0}.Debug|Any CPU.Build.0 = Debug|x64
		{B37DA984-648C-486E-9153-E6507C2C02E0}.Debug|x64.ActiveCfg = Debug|x64
		{B37DA984-648C-486E-9153-E6507C2C02E0}.Debug|x64.Build.0 = Debug|x64
		{B37DA984-648C-486E-9153-E6507C2C02E0}.Release|Any CPU.ActiveCfg = Release|x64
		{B37DA984-648C-486E-9153-E6507C2C02E0}.Release|Any CPU.Build.0 = Release|x64
		{B37DA984-648C-486E-9153-E6507C2C02E0}.Release|x64.ActiveCfg = Release|x64
		{B37DA984-648C-486E-9153-E6507C2C02E0}.Release|x64.Build.0 = Release|x64
	EndGlobalSection
	GlobalSection(SolutionProperties) = preSolution
		HideSolutionNode = FALSE
	EndGlobalSection
	GlobalSection(ExtensibilityGlobals) = postSolution
		SolutionGuid = {2DD65D61-161E-4A90-AA65-B6AECBFF6AC8}
	EndGlobalSection
EndGlobal
