<?xml version="1.0" encoding="utf-8"?>
<Project ToolsVersion="4.0" xmlns="http://schemas.microsoft.com/developer/msbuild/2003">
  <ItemGroup>
    <Filter Include="Model">
      <UniqueIdentifier>{c6c985d2-e2c9-4c2c-a07a-a98329bdff2e}</UniqueIdentifier>
    </Filter>
    <Filter Include="DSP">
      <UniqueIdentifier>{d244098d-94dc-4553-a43c-115dcbf113ec}</UniqueIdentifier>
    </Filter>
    <Filter Include="Model\Synth">
      <UniqueIdentifier>{fec5cbb6-1150-485a-872e-740a3ca79434}</UniqueIdentifier>
    </Filter>
    <Filter Include="DSP\Synth">
      <UniqueIdentifier>{1a949363-935b-4daf-8483-7cd134bc804e}</UniqueIdentifier>
    </Filter>
    <Filter Include="Model\Shared">
      <UniqueIdentifier>{09a62f16-c1d4-4b04-afe5-5f2253af7c76}</UniqueIdentifier>
    </Filter>
    <Filter Include="DSP\Shared">
      <UniqueIdentifier>{e7c02a4a-c1bd-4e9b-a9cb-ec5bc858484e}</UniqueIdentifier>
    </Filter>
  </ItemGroup>
  <ItemGroup>
    <ClInclude Include="Model\SeqModel.hpp">
      <Filter>Model</Filter>
    </ClInclude>
    <ClInclude Include="DSP\SeqDSP.hpp">
      <Filter>DSP</Filter>
    </ClInclude>
    <ClInclude Include="Xts.hpp" />
    <ClInclude Include="Model\Model.hpp">
      <Filter>Model</Filter>
    </ClInclude>
    <ClInclude Include="Model\Synth\FilterModel.hpp">
      <Filter>Model\Synth</Filter>
    </ClInclude>
    <ClInclude Include="Model\Synth\ModModel.hpp">
      <Filter>Model\Synth</Filter>
    </ClInclude>
    <ClInclude Include="DSP\Synth\FilterDSP.hpp">
      <Filter>DSP\Synth</Filter>
    </ClInclude>
    <ClInclude Include="DSP\Synth\AudioState.hpp">
      <Filter>DSP\Synth</Filter>
    </ClInclude>
    <ClInclude Include="DSP\Synth\CvState.hpp">
      <Filter>DSP\Synth</Filter>
    </ClInclude>
    <ClInclude Include="Model\Synth\PlotModel.hpp">
      <Filter>Model\Synth</Filter>
    </ClInclude>
    <ClInclude Include="Model\Synth\LfoModel.hpp">
      <Filter>Model\Synth</Filter>
    </ClInclude>
    <ClInclude Include="Model\Synth\EnvModel.hpp">
      <Filter>Model\Synth</Filter>
    </ClInclude>
    <ClInclude Include="Model\Synth\UnitModel.hpp">
      <Filter>Model\Synth</Filter>
    </ClInclude>
    <ClInclude Include="Model\Synth\CvModel.hpp">
      <Filter>Model\Synth</Filter>
    </ClInclude>
    <ClInclude Include="Model\Synth\AudioModel.hpp">
      <Filter>Model\Synth</Filter>
    </ClInclude>
    <ClInclude Include="Model\Synth\AmpModel.hpp">
      <Filter>Model\Synth</Filter>
    </ClInclude>
    <ClInclude Include="Model\Synth\Config.hpp">
      <Filter>Model\Synth</Filter>
    </ClInclude>
    <ClInclude Include="DSP\Synth\LfoDSP.hpp">
      <Filter>DSP\Synth</Filter>
    </ClInclude>
    <ClInclude Include="DSP\Synth\EnvDSP.hpp">
      <Filter>DSP\Synth</Filter>
    </ClInclude>
    <ClInclude Include="DSP\Synth\CvDSP.hpp">
      <Filter>DSP\Synth</Filter>
    </ClInclude>
    <ClInclude Include="DSP\Synth\ModDSP.hpp">
      <Filter>DSP\Synth</Filter>
    </ClInclude>
    <ClInclude Include="DSP\Synth\AmpDSP.hpp">
      <Filter>DSP\Synth</Filter>
    </ClInclude>
    <ClInclude Include="DSP\Synth\UnitDSP.hpp">
      <Filter>DSP\Synth</Filter>
    </ClInclude>
    <ClInclude Include="DSP\Synth\AudioDSP.hpp">
      <Filter>DSP\Synth</Filter>
    </ClInclude>
    <ClInclude Include="DSP\Synth\PlotDSP.hpp">
      <Filter>DSP\Synth</Filter>
    </ClInclude>
    <ClInclude Include="DSP\Synth\FilterPlot.hpp">
      <Filter>DSP\Synth</Filter>
    </ClInclude>
    <ClInclude Include="DSP\Synth\SynthDSP.hpp">
      <Filter>DSP\Synth</Filter>
    </ClInclude>
    <ClInclude Include="Model\Synth\SynthModel.hpp">
      <Filter>Model\Synth</Filter>
    </ClInclude>
    <ClInclude Include="DSP\Shared\AudioSample.hpp">
      <Filter>DSP\Shared</Filter>
    </ClInclude>
    <ClInclude Include="DSP\Shared\Config.hpp">
      <Filter>DSP\Shared</Filter>
    </ClInclude>
    <ClInclude Include="DSP\Shared\CvSample.hpp">
      <Filter>DSP\Shared</Filter>
    </ClInclude>
    <ClInclude Include="DSP\Shared\DelayBuffer.hpp">
      <Filter>DSP\Shared</Filter>
    </ClInclude>
    <ClInclude Include="DSP\Shared\EnvSample.hpp">
      <Filter>DSP\Shared</Filter>
    </ClInclude>
    <ClInclude Include="DSP\Shared\Param.hpp">
      <Filter>DSP\Shared</Filter>
    </ClInclude>
    <ClInclude Include="DSP\Shared\Plot.hpp">
      <Filter>DSP\Shared</Filter>
    </ClInclude>
    <ClInclude Include="DSP\Shared\Utility.hpp">
      <Filter>DSP\Shared</Filter>
    </ClInclude>
    <ClInclude Include="Model\Shared\SyncStepModel.hpp">
      <Filter>Model\Shared</Filter>
    </ClInclude>
    <ClInclude Include="DSP\Shared\Spectrum.hpp">
      <Filter>DSP\Shared</Filter>
    </ClInclude>
    <ClInclude Include="Model\Shared\ParamInfo.hpp">
      <Filter>Model\Shared</Filter>
    </ClInclude>
    <ClInclude Include="Model\Shared\Model.hpp">
      <Filter>Model\Shared</Filter>
    </ClInclude>
    <ClInclude Include="DSP\Shared\Modulate.hpp">
      <Filter>DSP\Shared</Filter>
    </ClInclude>
    <ClInclude Include="Model\Synth\ParamBinding.hpp">
      <Filter>Model\Synth</Filter>
    </ClInclude>
  </ItemGroup>
  <ItemGroup>
    <ClCompile Include="DSP\SeqDSP.cpp">
      <Filter>DSP</Filter>
    </ClCompile>
    <ClCompile Include="Xts.cpp" />
    <ClCompile Include="DSP\Synth\FilterDSP.cpp">
      <Filter>DSP\Synth</Filter>
    </ClCompile>
    <ClCompile Include="DSP\Synth\LfoDSP.cpp">
      <Filter>DSP\Synth</Filter>
    </ClCompile>
    <ClCompile Include="DSP\Synth\EnvDSP.cpp">
      <Filter>DSP\Synth</Filter>
    </ClCompile>
    <ClCompile Include="DSP\Synth\CvDSP.cpp">
      <Filter>DSP\Synth</Filter>
    </ClCompile>
    <ClCompile Include="DSP\Synth\ModDSP.cpp">
      <Filter>DSP\Synth</Filter>
    </ClCompile>
    <ClCompile Include="DSP\Synth\AmpDSP.cpp">
      <Filter>DSP\Synth</Filter>
    </ClCompile>
    <ClCompile Include="DSP\Synth\UnitDSP.cpp">
      <Filter>DSP\Synth</Filter>
    </ClCompile>
    <ClCompile Include="DSP\Synth\AudioDSP.cpp">
      <Filter>DSP\Synth</Filter>
    </ClCompile>
    <ClCompile Include="DSP\Synth\PlotDSP.cpp">
      <Filter>DSP\Synth</Filter>
    </ClCompile>
    <ClCompile Include="DSP\Synth\SynthDSP.cpp">
      <Filter>DSP\Synth</Filter>
    </ClCompile>
    <ClCompile Include="Model\Synth\SynthModel.cpp">
      <Filter>Model\Synth</Filter>
    </ClCompile>
    <ClCompile Include="DSP\Shared\Plot.cpp">
      <Filter>DSP\Shared</Filter>
    </ClCompile>
    <ClCompile Include="Model\Shared\SyncStepModel.cpp">
      <Filter>Model\Shared</Filter>
    </ClCompile>
    <ClCompile Include="DSP\Shared\Spectrum.cpp">
      <Filter>DSP\Shared</Filter>
    </ClCompile>
    <ClCompile Include="DSP\Shared\Modulate.cpp">
      <Filter>DSP\Shared</Filter>
    </ClCompile>
  </ItemGroup>
</Project>