<?xml version="1.0" encoding="utf-8"?>
<Project ToolsVersion="4.0" xmlns="http://schemas.microsoft.com/developer/msbuild/2003">
  <ItemGroup>
    <Filter Include="Model">
      <UniqueIdentifier>{c6c985d2-e2c9-4c2c-a07a-a98329bdff2e}</UniqueIdentifier>
    </Filter>
    <Filter Include="DSP">
      <UniqueIdentifier>{d244098d-94dc-4553-a43c-115dcbf113ec}</UniqueIdentifier>
    </Filter>
    <Filter Include="Utility">
      <UniqueIdentifier>{17691c10-4603-4013-9798-9cbfa4ee3e11}</UniqueIdentifier>
    </Filter>
  </ItemGroup>
  <ItemGroup>
    <ClInclude Include="Model\SeqModel.hpp">
      <Filter>Model</Filter>
    </ClInclude>
    <ClInclude Include="Model\SynthModel.hpp">
      <Filter>Model</Filter>
    </ClInclude>
    <ClInclude Include="DSP\SeqDSP.hpp">
      <Filter>DSP</Filter>
    </ClInclude>
    <ClInclude Include="DSP\SynthDSP.hpp">
      <Filter>DSP</Filter>
    </ClInclude>
    <ClInclude Include="DSP\UnitDSP.hpp">
      <Filter>DSP</Filter>
    </ClInclude>
    <ClInclude Include="Xts.hpp" />
    <ClInclude Include="DSP\EnvDSP.hpp">
      <Filter>DSP</Filter>
    </ClInclude>
    <ClInclude Include="DSP\PlotDSP.hpp">
      <Filter>DSP</Filter>
    </ClInclude>
    <ClInclude Include="DSP\DSP.hpp">
      <Filter>DSP</Filter>
    </ClInclude>
    <ClInclude Include="Model\DSPModel.hpp">
      <Filter>Model</Filter>
    </ClInclude>
    <ClInclude Include="Model\Model.hpp">
      <Filter>Model</Filter>
    </ClInclude>
    <ClInclude Include="DSP\AmpDSP.hpp">
      <Filter>DSP</Filter>
    </ClInclude>
    <ClInclude Include="DSP\LfoDSP.hpp">
      <Filter>DSP</Filter>
    </ClInclude>
    <ClInclude Include="DSP\SourceDSP.hpp">
      <Filter>DSP</Filter>
    </ClInclude>
    <ClInclude Include="Utility\Utility.hpp">
      <Filter>Utility</Filter>
    </ClInclude>
  </ItemGroup>
  <ItemGroup>
    <ClCompile Include="DSP\SeqDSP.cpp">
      <Filter>DSP</Filter>
    </ClCompile>
    <ClCompile Include="DSP\SynthDSP.cpp">
      <Filter>DSP</Filter>
    </ClCompile>
    <ClCompile Include="DSP\UnitDSP.cpp">
      <Filter>DSP</Filter>
    </ClCompile>
    <ClCompile Include="Xts.cpp" />
    <ClCompile Include="DSP\EnvDSP.cpp">
      <Filter>DSP</Filter>
    </ClCompile>
    <ClCompile Include="DSP\PlotDSP.cpp">
      <Filter>DSP</Filter>
    </ClCompile>
    <ClCompile Include="DSP\AmpDSP.cpp">
      <Filter>DSP</Filter>
    </ClCompile>
    <ClCompile Include="DSP\LfoDSP.cpp">
      <Filter>DSP</Filter>
    </ClCompile>
    <ClCompile Include="Model\SynthModel.cpp">
      <Filter>Model</Filter>
    </ClCompile>
    <ClCompile Include="DSP\SourceDSP.cpp">
      <Filter>DSP</Filter>
    </ClCompile>
    <ClCompile Include="DSP\DSP.cpp">
      <Filter>DSP</Filter>
    </ClCompile>
  </ItemGroup>
</Project>